uuid: c8f579e6-ec44-4f9c-a120-a438c632d578
langcode: en
status: true
dependencies:
  module:
    - drupal_itm_demos
  theme:
    - bartik
id: informationblock
theme: bartik
region: featured_top
weight: 0
provider: null
plugin: information_block
settings:
  id: information_block
  label: 'Information block'
  provider: drupal_itm_demos
  label_display: visible
visibility: {  }
