uuid: a0d284b4-51a6-4c50-88b7-aeb1f351aefa
langcode: en
status: true
dependencies:
  module:
    - drupal_itm_demos
  theme:
    - bootstrap_barrio
id: bootstrap_barrio_subscribeblock
theme: bootstrap_barrio
region: sidebar_first
weight: -4
provider: null
plugin: subscribe_block
settings:
  id: subscribe_block
  label: 'Subscribe block'
  provider: drupal_itm_demos
  label_display: visible
visibility: {  }
